
Microsoft Visual Studio Solution File, Format Version 12.00
# Visual Studio Version 16
VisualStudioVersion = 16.0.30309.148
MinimumVisualStudioVersion = 10.0.40219.1
Project("{FAE04EC0-301F-11D3-BF4B-00C04F79EFBC}") = "MISIS_2022_WebServices", "MISIS_2022_WebServices\MISIS_2022_WebServices.csproj", "{74E479D6-01FE-4E6D-8819-B47CF6ED1962}"
EndProject
Global
	GlobalSection(SolutionConfigurationPlatforms) = preSolution
		Debug|Any CPU = Debug|Any CPU
		Release|Any CPU = Release|Any CPU
	EndGlobalSection
	GlobalSection(ProjectConfigurationPlatforms) = postSolution
		{74E479D6-01FE-4E6D-8819-B47CF6ED1962}.Debug|Any CPU.ActiveCfg = Debug|Any CPU
		{74E479D6-01FE-4E6D-8819-B47CF6ED1962}.Debug|Any CPU.Build.0 = Debug|Any CPU
		{74E479D6-01FE-4E6D-8819-B47CF6ED1962}.Release|Any CPU.ActiveCfg = Release|Any CPU
		{74E479D6-01FE-4E6D-8819-B47CF6ED1962}.Release|Any CPU.Build.0 = Release|Any CPU
	EndGlobalSection
	GlobalSection(SolutionProperties) = preSolution
		HideSolutionNode = FALSE
	EndGlobalSection
	GlobalSection(ExtensibilityGlobals) = postSolution
		SolutionGuid = {D2F9C820-558E-4158-A7B0-0C609DBBED4D}
	EndGlobalSection
EndGlobal
